lockfileVersion: '9.0'

settings:
  autoInstallPeers: true
  excludeLinksFromLockfile: false

importers:

  .:
    dependencies:
      '@solana-program/compute-budget':
        specifier: ^0.11.0
        version: 0.11.0(@solana/kit@5.0.0(fastestsmallesttextencoderdecoder@1.0.22)(typescript@5.9.3)(ws@8.18.3))
      '@solana-program/memo':
        specifier: ^0.10.0
        version: 0.10.0(@solana/kit@5.0.0(fastestsmallesttextencoderdecoder@1.0.22)(typescript@5.9.3)(ws@8.18.3))
      '@solana-program/system':
        specifier: ^0.10.0
        version: 0.10.0(@solana/kit@5.0.0(fastestsmallesttextencoderdecoder@1.0.22)(typescript@5.9.3)(ws@8.18.3))
      '@solana-program/token':
        specifier: ^0.9.0
        version: 0.9.0(@solana/kit@5.0.0(fastestsmallesttextencoderdecoder@1.0.22)(typescript@5.9.3)(ws@8.18.3))
      '@solana-program/token-2022':
        specifier: ^0.6.1
        version: 0.6.1(@solana/kit@5.0.0(fastestsmallesttextencoderdecoder@1.0.22)(typescript@5.9.3)(ws@8.18.3))(@solana/sysvars@5.0.0(fastestsmallesttextencoderdecoder@1.0.22)(typescript@5.9.3))
      '@solana/kit':
        specifier: ^5.0.0
        version: 5.0.0(fastestsmallesttextencoderdecoder@1.0.22)(typescript@5.9.3)(ws@8.18.3)
      tsx:
        specifier: ^4.21.0
        version: 4.21.0
    devDependencies:
      '@solana/errors':
        specifier: ^5.0.0
        version: 5.0.0(typescript@5.9.3)
      '@types/node':
        specifier: ^24.10.1
        version: 24.10.1
      typescript:
        specifier: ^5.9.3
        version: 5.9.3

packages:

  '@esbuild/aix-ppc64@0.27.0':
    resolution: {integrity: sha512-KuZrd2hRjz01y5JK9mEBSD3Vj3mbCvemhT466rSuJYeE/hjuBrHfjjcjMdTm/sz7au+++sdbJZJmuBwQLuw68A==}
    engines: {node: '>=18'}
    cpu: [ppc64]
    os: [aix]

  '@esbuild/android-arm64@0.27.0':
    resolution: {integrity: sha512-CC3vt4+1xZrs97/PKDkl0yN7w8edvU2vZvAFGD16n9F0Cvniy5qvzRXjfO1l94efczkkQE6g1x0i73Qf5uthOQ==}
    engines: {node: '>=18'}
    cpu: [arm64]
    os: [android]

  '@esbuild/android-arm@0.27.0':
    resolution: {integrity: sha512-j67aezrPNYWJEOHUNLPj9maeJte7uSMM6gMoxfPC9hOg8N02JuQi/T7ewumf4tNvJadFkvLZMlAq73b9uwdMyQ==}
    engines: {node: '>=18'}
    cpu: [arm]
    os: [android]

  '@esbuild/android-x64@0.27.0':
    resolution: {integrity: sha512-wurMkF1nmQajBO1+0CJmcN17U4BP6GqNSROP8t0X/Jiw2ltYGLHpEksp9MpoBqkrFR3kv2/te6Sha26k3+yZ9Q==}
    engines: {node: '>=18'}
    cpu: [x64]
    os: [android]

  '@esbuild/darwin-arm64@0.27.0':
    resolution: {integrity: sha512-uJOQKYCcHhg07DL7i8MzjvS2LaP7W7Pn/7uA0B5S1EnqAirJtbyw4yC5jQ5qcFjHK9l6o/MX9QisBg12kNkdHg==}
    engines: {node: '>=18'}
    cpu: [arm64]
    os: [darwin]

  '@esbuild/darwin-x64@0.27.0':
    resolution: {integrity: sha512-8mG6arH3yB/4ZXiEnXof5MK72dE6zM9cDvUcPtxhUZsDjESl9JipZYW60C3JGreKCEP+p8P/72r69m4AZGJd5g==}
    engines: {node: '>=18'}
    cpu: [x64]
    os: [darwin]

  '@esbuild/freebsd-arm64@0.27.0':
    resolution: {integrity: sha512-9FHtyO988CwNMMOE3YIeci+UV+x5Zy8fI2qHNpsEtSF83YPBmE8UWmfYAQg6Ux7Gsmd4FejZqnEUZCMGaNQHQw==}
    engines: {node: '>=18'}
    cpu: [arm64]
    os: [freebsd]

  '@esbuild/freebsd-x64@0.27.0':
    resolution: {integrity: sha512-zCMeMXI4HS/tXvJz8vWGexpZj2YVtRAihHLk1imZj4efx1BQzN76YFeKqlDr3bUWI26wHwLWPd3rwh6pe4EV7g==}
    engines: {node: '>=18'}
    cpu: [x64]
    os: [freebsd]

  '@esbuild/linux-arm64@0.27.0':
    resolution: {integrity: sha512-AS18v0V+vZiLJyi/4LphvBE+OIX682Pu7ZYNsdUHyUKSoRwdnOsMf6FDekwoAFKej14WAkOef3zAORJgAtXnlQ==}
    engines: {node: '>=18'}
    cpu: [arm64]
    os: [linux]

  '@esbuild/linux-arm@0.27.0':
    resolution: {integrity: sha512-t76XLQDpxgmq2cNXKTVEB7O7YMb42atj2Re2Haf45HkaUpjM2J0UuJZDuaGbPbamzZ7bawyGFUkodL+zcE+jvQ==}
    engines: {node: '>=18'}
    cpu: [arm]
    os: [linux]

  '@esbuild/linux-ia32@0.27.0':
    resolution: {integrity: sha512-Mz1jxqm/kfgKkc/KLHC5qIujMvnnarD9ra1cEcrs7qshTUSksPihGrWHVG5+osAIQ68577Zpww7SGapmzSt4Nw==}
    engines: {node: '>=18'}
    cpu: [ia32]
    os: [linux]

  '@esbuild/linux-loong64@0.27.0':
    resolution: {integrity: sha512-QbEREjdJeIreIAbdG2hLU1yXm1uu+LTdzoq1KCo4G4pFOLlvIspBm36QrQOar9LFduavoWX2msNFAAAY9j4BDg==}
    engines: {node: '>=18'}
    cpu: [loong64]
    os: [linux]

  '@esbuild/linux-mips64el@0.27.0':
    resolution: {integrity: sha512-sJz3zRNe4tO2wxvDpH/HYJilb6+2YJxo/ZNbVdtFiKDufzWq4JmKAiHy9iGoLjAV7r/W32VgaHGkk35cUXlNOg==}
    engines: {node: '>=18'}
    cpu: [mips64el]
    os: [linux]

  '@esbuild/linux-ppc64@0.27.0':
    resolution: {integrity: sha512-z9N10FBD0DCS2dmSABDBb5TLAyF1/ydVb+N4pi88T45efQ/w4ohr/F/QYCkxDPnkhkp6AIpIcQKQ8F0ANoA2JA==}
    engines: {node: '>=18'}
    cpu: [ppc64]
    os: [linux]

  '@esbuild/linux-riscv64@0.27.0':
    resolution: {integrity: sha512-pQdyAIZ0BWIC5GyvVFn5awDiO14TkT/19FTmFcPdDec94KJ1uZcmFs21Fo8auMXzD4Tt+diXu1LW1gHus9fhFQ==}
    engines: {node: '>=18'}
    cpu: [riscv64]
    os: [linux]

  '@esbuild/linux-s390x@0.27.0':
    resolution: {integrity: sha512-hPlRWR4eIDDEci953RI1BLZitgi5uqcsjKMxwYfmi4LcwyWo2IcRP+lThVnKjNtk90pLS8nKdroXYOqW+QQH+w==}
    engines: {node: '>=18'}
    cpu: [s390x]
    os: [linux]

  '@esbuild/linux-x64@0.27.0':
    resolution: {integrity: sha512-1hBWx4OUJE2cab++aVZ7pObD6s+DK4mPGpemtnAORBvb5l/g5xFGk0vc0PjSkrDs0XaXj9yyob3d14XqvnQ4gw==}
    engines: {node: '>=18'}
    cpu: [x64]
    os: [linux]

  '@esbuild/netbsd-arm64@0.27.0':
    resolution: {integrity: sha512-6m0sfQfxfQfy1qRuecMkJlf1cIzTOgyaeXaiVaaki8/v+WB+U4hc6ik15ZW6TAllRlg/WuQXxWj1jx6C+dfy3w==}
    engines: {node: '>=18'}
    cpu: [arm64]
    os: [netbsd]

  '@esbuild/netbsd-x64@0.27.0':
    resolution: {integrity: sha512-xbbOdfn06FtcJ9d0ShxxvSn2iUsGd/lgPIO2V3VZIPDbEaIj1/3nBBe1AwuEZKXVXkMmpr6LUAgMkLD/4D2PPA==}
    engines: {node: '>=18'}
    cpu: [x64]
    os: [netbsd]

  '@esbuild/openbsd-arm64@0.27.0':
    resolution: {integrity: sha512-fWgqR8uNbCQ/GGv0yhzttj6sU/9Z5/Sv/VGU3F5OuXK6J6SlriONKrQ7tNlwBrJZXRYk5jUhuWvF7GYzGguBZQ==}
    engines: {node: '>=18'}
    cpu: [arm64]
    os: [openbsd]

  '@esbuild/openbsd-x64@0.27.0':
    resolution: {integrity: sha512-aCwlRdSNMNxkGGqQajMUza6uXzR/U0dIl1QmLjPtRbLOx3Gy3otfFu/VjATy4yQzo9yFDGTxYDo1FfAD9oRD2A==}
    engines: {node: '>=18'}
    cpu: [x64]
    os: [openbsd]

  '@esbuild/openharmony-arm64@0.27.0':
    resolution: {integrity: sha512-nyvsBccxNAsNYz2jVFYwEGuRRomqZ149A39SHWk4hV0jWxKM0hjBPm3AmdxcbHiFLbBSwG6SbpIcUbXjgyECfA==}
    engines: {node: '>=18'}
    cpu: [arm64]
    os: [openharmony]

  '@esbuild/sunos-x64@0.27.0':
    resolution: {integrity: sha512-Q1KY1iJafM+UX6CFEL+F4HRTgygmEW568YMqDA5UV97AuZSm21b7SXIrRJDwXWPzr8MGr75fUZPV67FdtMHlHA==}
    engines: {node: '>=18'}
    cpu: [x64]
    os: [sunos]

  '@esbuild/win32-arm64@0.27.0':
    resolution: {integrity: sha512-W1eyGNi6d+8kOmZIwi/EDjrL9nxQIQ0MiGqe/AWc6+IaHloxHSGoeRgDRKHFISThLmsewZ5nHFvGFWdBYlgKPg==}
    engines: {node: '>=18'}
    cpu: [arm64]
    os: [win32]

  '@esbuild/win32-ia32@0.27.0':
    resolution: {integrity: sha512-30z1aKL9h22kQhilnYkORFYt+3wp7yZsHWus+wSKAJR8JtdfI76LJ4SBdMsCopTR3z/ORqVu5L1vtnHZWVj4cQ==}
    engines: {node: '>=18'}
    cpu: [ia32]
    os: [win32]

  '@esbuild/win32-x64@0.27.0':
    resolution: {integrity: sha512-aIitBcjQeyOhMTImhLZmtxfdOcuNRpwlPNmlFKPcHQYPhEssw75Cl1TSXJXpMkzaua9FUetx/4OQKq7eJul5Cg==}
    engines: {node: '>=18'}
    cpu: [x64]
    os: [win32]

  '@solana-program/compute-budget@0.11.0':
    resolution: {integrity: sha512-7f1ePqB/eURkTwTOO9TNIdUXZcyrZoX3Uy2hNo7cXMfNhPFWp9AVgIyRNBc2jf15sdUa9gNpW+PfP2iV8AYAaw==}
    peerDependencies:
      '@solana/kit': ^5.0

  '@solana-program/memo@0.10.0':
    resolution: {integrity: sha512-1FvQFenL3lzl5SpxhWV4QJCOLU/nvAOXGXjKjS7dprvG+0u971xoanApN7bM/a4NFZolp6S+lP2xVl6vTVIxbg==}
    peerDependencies:
      '@solana/kit': ^5.0

  '@solana-program/system@0.10.0':
    resolution: {integrity: sha512-Go+LOEZmqmNlfr+Gjy5ZWAdY5HbYzk2RBewD9QinEU/bBSzpFfzqDRT55JjFRBGJUvMgf3C2vfXEGT4i8DSI4g==}
    peerDependencies:
      '@solana/kit': ^5.0

  '@solana-program/token-2022@0.6.1':
    resolution: {integrity: sha512-Ex02cruDMGfBMvZZCrggVR45vdQQSI/unHVpt/7HPt/IwFYB4eTlXtO8otYZyqV/ce5GqZ8S6uwyRf0zy6fdbA==}
    peerDependencies:
      '@solana/kit': ^5.0
      '@solana/sysvars': ^5.0

  '@solana-program/token@0.9.0':
    resolution: {integrity: sha512-vnZxndd4ED4Fc56sw93cWZ2djEeeOFxtaPS8SPf5+a+JZjKA/EnKqzbE1y04FuMhIVrLERQ8uR8H2h72eZzlsA==}
    peerDependencies:
      '@solana/kit': ^5.0

  '@solana/accounts@5.0.0':
    resolution: {integrity: sha512-0JzBdEobgp8NBdhhu+GgwNDh7e8KkHDsSTVZAnNQgvT3taOz0Mwv5E48MuEeDhW6DLFwWVAx/FO3pvibG/NGwA==}
    engines: {node: '>=20.18.0'}
    peerDependencies:
      typescript: '>=5.3.3'

  '@solana/addresses@5.0.0':
    resolution: {integrity: sha512-bVk+khc1ZZQHMri25csosM/ikuyPcB/CZidDM/ZMBX0CoJErpHJnmcID5mYOmv4/UHbqo2OANuEaGcFO0Q37sw==}
    engines: {node: '>=20.18.0'}
    peerDependencies:
      typescript: '>=5.3.3'

  '@solana/assertions@5.0.0':
    resolution: {integrity: sha512-2kIykk90kYciQW6bp+KaE6jRd1Y2CgHPeJxxlc5chQnjhoG6eiD8VXvocs6AvqPTht0p/SoEj9jH5tT4oG/bcg==}
    engines: {node: '>=20.18.0'}
    peerDependencies:
      typescript: '>=5.3.3'

  '@solana/codecs-core@5.0.0':
    resolution: {integrity: sha512-rCG2d8OaamVF2/J//YyCgDqNJpUytVVltw9C8mJtEz5c6Se/LR6BFuG8g4xeJswq/ab4RFk5/HFdgbvNjKgQjA==}
    engines: {node: '>=20.18.0'}
    peerDependencies:
      typescript: '>=5.3.3'

  '@solana/codecs-data-structures@5.0.0':
    resolution: {integrity: sha512-y503Pqmv0LHcfcf0vQJGaxDvydQJbyCo8nK3nxn56EhFj5lBQ1NWb3WvTd83epigwuZurW2MhJARrpikfhQglQ==}
    engines: {node: '>=20.18.0'}
    peerDependencies:
      typescript: '>=5.3.3'

  '@solana/codecs-numbers@5.0.0':
    resolution: {integrity: sha512-a2+skRLuUK02f/XFe4L0e1+wHCyfK25PkyseFps1v1l4pvevukFwth/EhSyrs6w5CsTJRVoR7MuE3E00PM4egw==}
    engines: {node: '>=20.18.0'}
    peerDependencies:
      typescript: '>=5.3.3'

  '@solana/codecs-strings@5.0.0':
    resolution: {integrity: sha512-ALkRwpV8bGR6qjAYw0YXZwp2YI4wzvKOJGmx04Ut8gMdbaUx7qOcJkhEQKI6ZVC3lAWSIS1N1wGccUZDwvfKxw==}
    engines: {node: '>=20.18.0'}
    peerDependencies:
      fastestsmallesttextencoderdecoder: ^1.0.22
      typescript: '>=5.3.3'

  '@solana/codecs@5.0.0':
    resolution: {integrity: sha512-KOw0gFUSBxIMDWLJ3AkVFkEci91dw0Rpx3C6y83Our7fSW+SEP8vRZklCElieYR85LHVB1QIEhoeHR7rc+Ifkw==}
    engines: {node: '>=20.18.0'}
    peerDependencies:
      typescript: '>=5.3.3'

  '@solana/errors@5.0.0':
    resolution: {integrity: sha512-gTuhzO6E+ydfAAzqmqdPcvFyJwAzFKKIrqtnZPpgAuomcPYu+HSo0tuwSM/cTX0djmHt+GoOsf/julph+nvs2w==}
    engines: {node: '>=20.18.0'}
    hasBin: true
    peerDependencies:
      typescript: '>=5.3.3'

  '@solana/fast-stable-stringify@5.0.0':
    resolution: {integrity: sha512-sGTbu7a4/olL+8EIOOJ7IZjzqOOpCJcK1UaVJ6015sRgo9vwGf4jg9KtXEYv5LVhLCTYmAb50L4BaIUcBph/Ig==}
    engines: {node: '>=20.18.0'}
    peerDependencies:
      typescript: '>=5.3.3'

  '@solana/functional@5.0.0':
    resolution: {integrity: sha512-UNBrpfzBL4dKD2iucjNnrkFbnjz5ZYDu2OvrIBAcCSQsxxgHMamUj1n3EDe6kl1us49YG1r05Ho8QLqNrbkVbw==}
    engines: {node: '>=20.18.0'}
    peerDependencies:
      typescript: '>=5.3.3'

  '@solana/instruction-plans@5.0.0':
    resolution: {integrity: sha512-n9oFOMFUPYKEhsXzrXT97QBQ2WvOTar+5SFEj/IOtRuCn4gl2kh0369cjXZpFwUdE3tmKr1zfYFNwbtiNx5pvg==}
    engines: {node: '>=20.18.0'}
    peerDependencies:
      typescript: '>=5.3.3'

  '@solana/instructions@5.0.0':
    resolution: {integrity: sha512-12dbrmwERT1o6NTr/Uvrjj/ZsiteSXoT5Gi+dnjIeRNHWg9H+gEFuFzJvTDVKlNg34CZ71xdvbVdbV0V8gKGvg==}
    engines: {node: '>=20.18.0'}
    peerDependencies:
      typescript: '>=5.3.3'

  '@solana/keys@5.0.0':
    resolution: {integrity: sha512-kWkR7NslpTttk5i1BhBNCDtVQDkEtgkdsM3Jp9TGPk0GFjBjBwrQStw3vvwLe8itEIvRFGFZU6JHEk8HLS0WLQ==}
    engines: {node: '>=20.18.0'}
    peerDependencies:
      typescript: '>=5.3.3'

  '@solana/kit@5.0.0':
    resolution: {integrity: sha512-3ahtzmmMgU+1l2YMhQJSKKm14IdvCycOE/m4XNMu/4icBIptmBgZxrmgRpPHqBilBa+Krp/hBuTg4HWl9IAgWw==}
    engines: {node: '>=20.18.0'}
    peerDependencies:
      typescript: '>=5.3.3'

  '@solana/nominal-types@5.0.0':
    resolution: {integrity: sha512-Qn7xH4UG2rDAv+wAyheP4jWvX3oQmbZ/woxFZwug7PaRLvyjUswGr38Hil+SjiQyFDo+un1UqWM9N9yusUeeZQ==}
    engines: {node: '>=20.18.0'}
    peerDependencies:
      typescript: '>=5.3.3'

  '@solana/options@5.0.0':
    resolution: {integrity: sha512-ezHVBFb9FXVSn8LUVRD2tLb6fejU0x8KtGEYyCYh0J0pQuXSITV0IQCjcEopvu/ZxWdXOJyzjvmymnhz90on5A==}
    engines: {node: '>=20.18.0'}
    peerDependencies:
      typescript: '>=5.3.3'

  '@solana/programs@5.0.0':
    resolution: {integrity: sha512-BKOfBDrSUCJGZ+qKk2aFLu0nU9/84o6z/VDCJkLjaNNuTv8nOlSYq5flNzo1eyJmnpyW372qNvqqRN3AS23+FQ==}
    engines: {node: '>=20.18.0'}
    peerDependencies:
      typescript: '>=5.3.3'

  '@solana/promises@5.0.0':
    resolution: {integrity: sha512-Qmg3UfYfWINEUvBQL3DkPOq34tTg5cfrkPlDtJmi8RVifsPqb6hksbKZGu7ASLZohxIDGmnYQY6oELI7Me+5yw==}
    engines: {node: '>=20.18.0'}
    peerDependencies:
      typescript: '>=5.3.3'

  '@solana/rpc-api@5.0.0':
    resolution: {integrity: sha512-IJbZZnX2B1ldXPok1NhneXTYq9ZvdJbE5Pryr03pZTlPJaWGqDcZuQ14nwR4s6PoUUgdT+p87QlLZqLb8MusoQ==}
    engines: {node: '>=20.18.0'}
    peerDependencies:
      typescript: '>=5.3.3'

  '@solana/rpc-parsed-types@5.0.0':
    resolution: {integrity: sha512-fU9uqlOYAaBqgk2qCl+ntenBm7wuSFBRbIO/rVjeBPd/qPCvNZU+qFET+ERLK6wbCTSz0MmdHqPn1V8KCMOvZQ==}
    engines: {node: '>=20.18.0'}
    peerDependencies:
      typescript: '>=5.3.3'

  '@solana/rpc-spec-types@5.0.0':
    resolution: {integrity: sha512-B0P/ylXVaCG5oSIV+kB88s2qoW996D8iKhc7RyF0C/AyYvklF6kCwv0N9ZVrWp0ibjlQ8St290WbBHJyo7QZkA==}
    engines: {node: '>=20.18.0'}
    peerDependencies:
      typescript: '>=5.3.3'

  '@solana/rpc-spec@5.0.0':
    resolution: {integrity: sha512-1LD2SYEQ5bYhiBumznAPzymtxSX4nYLZd6u+FA0bAxNBVzHDvUUQzVSXHAoWROhlGrCyvtALTs9u0DIDlgZHCA==}
    engines: {node: '>=20.18.0'}
    peerDependencies:
      typescript: '>=5.3.3'

  '@solana/rpc-subscriptions-api@5.0.0':
    resolution: {integrity: sha512-DGUn3C12swV2FConOlLFN14npIrCtnxehtMLjszMC7g6p/P6WNIz5uAgF7YcIkLBDV8uTeWhM0azmK+V8Qqhvg==}
    engines: {node: '>=20.18.0'}
    peerDependencies:
      typescript: '>=5.3.3'

  '@solana/rpc-subscriptions-channel-websocket@5.0.0':
    resolution: {integrity: sha512-vsYXyjVX/kExfpr91zfMKTmWKKFCM+dkhXQDAz5aEE7kAF3KSZDiOGeYvN8Rc85lbIt9QK6BLAT+NBMv4/N9Qg==}
    engines: {node: '>=20.18.0'}
    peerDependencies:
      typescript: '>=5.3.3'
      ws: ^8.18.0

  '@solana/rpc-subscriptions-spec@5.0.0':
    resolution: {integrity: sha512-erRLvZMncwnciJP6I1SlAk0CyRGIgt83PyHWOVCRXENP9Q5dZbZ9pm4lar2yIp8EjIMnodGHsQWIlKc1hlCQlQ==}
    engines: {node: '>=20.18.0'}
    peerDependencies:
      typescript: '>=5.3.3'

  '@solana/rpc-subscriptions@5.0.0':
    resolution: {integrity: sha512-cziOSzom/bwFZXViR9J+MxDsdLMcfvrXGw5Icng7dYODFKuVqfsDrQoG8uekJc4fREnbPEM2U+u9YnYSYbFbww==}
    engines: {node: '>=20.18.0'}
    peerDependencies:
      typescript: '>=5.3.3'

  '@solana/rpc-transformers@5.0.0':
    resolution: {integrity: sha512-EMHhSgfF6/T4FfHbLaBP08SIj1ZAjxJr6WPNZMHLV7Cup8UfiB9TNV+bPQkum7JbVQNhUKzkKEEmyYqPfQoV9w==}
    engines: {node: '>=20.18.0'}
    peerDependencies:
      typescript: '>=5.3.3'

  '@solana/rpc-transport-http@5.0.0':
    resolution: {integrity: sha512-RoIEvWp7yc7rIRzNkOyjLs2UQF0odIEMWj87dbD4Ir4hwTCGo/TSTfQF/8KDV2etdke3Fa1K+W1NkpG2POqWFg==}
    engines: {node: '>=20.18.0'}
    peerDependencies:
      typescript: '>=5.3.3'

  '@solana/rpc-types@5.0.0':
    resolution: {integrity: sha512-JMbhwnV6nX4ezJv/KmaElOR0r/MZTKzKpaz6cv7FopLNuPrYCBrRCZKuM2XQh6gUbt9Mey08/KBOmOGmzTbL/g==}
    engines: {node: '>=20.18.0'}
    peerDependencies:
      typescript: '>=5.3.3'

  '@solana/rpc@5.0.0':
    resolution: {integrity: sha512-Myx/ZBmMHkgh9Di3tLzc+vd30f+6YC1JXr9+YmIHKEeqN/+iTHkDJU2E/hGRLy8vTOBOU7+2466A+dLnSVuGkg==}
    engines: {node: '>=20.18.0'}
    peerDependencies:
      typescript: '>=5.3.3'

  '@solana/signers@5.0.0':
    resolution: {integrity: sha512-9Hw6HekSEzj5O7UBBFPrxk96W5e8tMI3n7KbW7/QiKBDpuvYw9WtnjOsWUE7LqQoc1P0JjGEsrmxE9raQBLvuQ==}
    engines: {node: '>=20.18.0'}
    peerDependencies:
      typescript: '>=5.3.3'

  '@solana/subscribable@5.0.0':
    resolution: {integrity: sha512-C2TydIRRd5XUJ8asbARi67Sj/3DRLubWalnNoafBhDsrb88jsRVylntvwXgBw/+lwJdEPEsUnxvcdgdm+3lFlw==}
    engines: {node: '>=20.18.0'}
    peerDependencies:
      typescript: '>=5.3.3'

  '@solana/sysvars@5.0.0':
    resolution: {integrity: sha512-F/GEb2rS8mrgDd79lDPyu8za9jGE6cRlS4jHNeKCkvOCJxdKQbX34JIzx4kwzjtvk7O8/yrDHfGdpA8nBg/l4w==}
    engines: {node: '>=20.18.0'}
    peerDependencies:
      typescript: '>=5.3.3'

  '@solana/transaction-confirmation@5.0.0':
    resolution: {integrity: sha512-LpusTopYIuQC8hBCloExkTr4Z5/zdp5f4IIbzD5XFeW3xXPZytS3H1IDMGk4bmLdZi9zQNA4lnNHKra5IncRbw==}
    engines: {node: '>=20.18.0'}
    peerDependencies:
      typescript: '>=5.3.3'

  '@solana/transaction-messages@5.0.0':
    resolution: {integrity: sha512-rJLe1wUGW5DovQFV0gjXHXnriPxTBgZ3TvGWnjCu2OIBU8mcQkQVJ7zzVZY2IAYlmJ6OSF9nvzhSt/ncPbkJPg==}
    engines: {node: '>=20.18.0'}
    peerDependencies:
      typescript: '>=5.3.3'

  '@solana/transactions@5.0.0':
    resolution: {integrity: sha512-4TcsqH7JtgRKGGBIRRGz0n+tXu4h5TPPC49kkV0ygIndQaHW7FOZUYTwQ0epq0A5h9KYi+ClNbzF9xiuDbAD5Q==}
    engines: {node: '>=20.18.0'}
    peerDependencies:
      typescript: '>=5.3.3'

  '@types/node@24.10.1':
    resolution: {integrity: sha512-GNWcUTRBgIRJD5zj+Tq0fKOJ5XZajIiBroOF0yvj2bSU1WvNdYS/dn9UxwsujGW4JX06dnHyjV2y9rRaybH0iQ==}

  chalk@5.6.2:
    resolution: {integrity: sha512-7NzBL0rN6fMUW+f7A6Io4h40qQlG+xGmtMxfbnH/K7TAtt8JQWVQK+6g0UXKMeVJoyV5EkkNsErQ8pVD3bLHbA==}
    engines: {node: ^12.17.0 || ^14.13 || >=16.0.0}

  commander@14.0.1:
    resolution: {integrity: sha512-2JkV3gUZUVrbNA+1sjBOYLsMZ5cEEl8GTFP2a4AVz5hvasAMCQ1D2l2le/cX+pV4N6ZU17zjUahLpIXRrnWL8A==}
    engines: {node: '>=20'}

  esbuild@0.27.0:
    resolution: {integrity: sha512-jd0f4NHbD6cALCyGElNpGAOtWxSq46l9X/sWB0Nzd5er4Kz2YTm+Vl0qKFT9KUJvD8+fiO8AvoHhFvEatfVixA==}
    engines: {node: '>=18'}
    hasBin: true

  fastestsmallesttextencoderdecoder@1.0.22:
    resolution: {integrity: sha512-Pb8d48e+oIuY4MaM64Cd7OW1gt4nxCHs7/ddPPZ/Ic3sg8yVGM7O9wDvZ7us6ScaUupzM+pfBolwtYhN1IxBIw==}

  fsevents@2.3.3:
    resolution: {integrity: sha512-5xoDfX+fL7faATnagmWPpbFtwh/R77WmMMqqHGS65C3vvB0YHrgF+B1YmZ3441tMj5n63k0212XNoJwzlhffQw==}
    engines: {node: ^8.16.0 || ^10.6.0 || >=11.0.0}
    os: [darwin]

  get-tsconfig@4.13.0:
    resolution: {integrity: sha512-1VKTZJCwBrvbd+Wn3AOgQP/2Av+TfTCOlE4AcRJE72W1ksZXbAx8PPBR9RzgTeSPzlPMHrbANMH3LbltH73wxQ==}

  resolve-pkg-maps@1.0.0:
    resolution: {integrity: sha512-seS2Tj26TBVOC2NIc2rOe2y2ZO7efxITtLZcGSOnHHNOQ7CkiUBfw0Iw2ck6xkIhPwLhKNLS8BO+hEpngQlqzw==}

  tsx@4.21.0:
    resolution: {integrity: sha512-5C1sg4USs1lfG0GFb2RLXsdpXqBSEhAaA/0kPL01wxzpMqLILNxIxIOKiILz+cdg/pLnOUxFYOR5yhHU666wbw==}
    engines: {node: '>=18.0.0'}
    hasBin: true

  typescript@5.9.3:
    resolution: {integrity: sha512-jl1vZzPDinLr9eUt3J/t7V6FgNEw9QjvBPdysz9KfQDD41fQrC2Y4vKQdiaUpFT4bXlb1RHhLpp8wtm6M5TgSw==}
    engines: {node: '>=14.17'}
    hasBin: true

  undici-types@7.16.0:
    resolution: {integrity: sha512-Zz+aZWSj8LE6zoxD+xrjh4VfkIG8Ya6LvYkZqtUQGJPZjYl53ypCaUwWqo7eI0x66KBGeRo+mlBEkMSeSZ38Nw==}

  ws@8.18.3:
    resolution: {integrity: sha512-PEIGCY5tSlUt50cqyMXfCzX+oOPqN0vuGqWzbcJ2xvnkzkq46oOpz7dQaTDBdfICb4N14+GARUDw2XV2N4tvzg==}
    engines: {node: '>=10.0.0'}
    peerDependencies:
      bufferutil: ^4.0.1
      utf-8-validate: '>=5.0.2'
    peerDependenciesMeta:
      bufferutil:
        optional: true
      utf-8-validate:
        optional: true

snapshots:

  '@esbuild/aix-ppc64@0.27.0':
    optional: true

  '@esbuild/android-arm64@0.27.0':
    optional: true

  '@esbuild/android-arm@0.27.0':
    optional: true

  '@esbuild/android-x64@0.27.0':
    optional: true

  '@esbuild/darwin-arm64@0.27.0':
    optional: true

  '@esbuild/darwin-x64@0.27.0':
    optional: true

  '@esbuild/freebsd-arm64@0.27.0':
    optional: true

  '@esbuild/freebsd-x64@0.27.0':
    optional: true

  '@esbuild/linux-arm64@0.27.0':
    optional: true

  '@esbuild/linux-arm@0.27.0':
    optional: true

  '@esbuild/linux-ia32@0.27.0':
    optional: true

  '@esbuild/linux-loong64@0.27.0':
    optional: true

  '@esbuild/linux-mips64el@0.27.0':
    optional: true

  '@esbuild/linux-ppc64@0.27.0':
    optional: true

  '@esbuild/linux-riscv64@0.27.0':
    optional: true

  '@esbuild/linux-s390x@0.27.0':
    optional: true

  '@esbuild/linux-x64@0.27.0':
    optional: true

  '@esbuild/netbsd-arm64@0.27.0':
    optional: true

  '@esbuild/netbsd-x64@0.27.0':
    optional: true

  '@esbuild/openbsd-arm64@0.27.0':
    optional: true

  '@esbuild/openbsd-x64@0.27.0':
    optional: true

  '@esbuild/openharmony-arm64@0.27.0':
    optional: true

  '@esbuild/sunos-x64@0.27.0':
    optional: true

  '@esbuild/win32-arm64@0.27.0':
    optional: true

  '@esbuild/win32-ia32@0.27.0':
    optional: true

  '@esbuild/win32-x64@0.27.0':
    optional: true

  '@solana-program/compute-budget@0.11.0(@solana/kit@5.0.0(fastestsmallesttextencoderdecoder@1.0.22)(typescript@5.9.3)(ws@8.18.3))':
    dependencies:
      '@solana/kit': 5.0.0(fastestsmallesttextencoderdecoder@1.0.22)(typescript@5.9.3)(ws@8.18.3)

  '@solana-program/memo@0.10.0(@solana/kit@5.0.0(fastestsmallesttextencoderdecoder@1.0.22)(typescript@5.9.3)(ws@8.18.3))':
    dependencies:
      '@solana/kit': 5.0.0(fastestsmallesttextencoderdecoder@1.0.22)(typescript@5.9.3)(ws@8.18.3)

  '@solana-program/system@0.10.0(@solana/kit@5.0.0(fastestsmallesttextencoderdecoder@1.0.22)(typescript@5.9.3)(ws@8.18.3))':
    dependencies:
      '@solana/kit': 5.0.0(fastestsmallesttextencoderdecoder@1.0.22)(typescript@5.9.3)(ws@8.18.3)

  '@solana-program/token-2022@0.6.1(@solana/kit@5.0.0(fastestsmallesttextencoderdecoder@1.0.22)(typescript@5.9.3)(ws@8.18.3))(@solana/sysvars@5.0.0(fastestsmallesttextencoderdecoder@1.0.22)(typescript@5.9.3))':
    dependencies:
      '@solana/kit': 5.0.0(fastestsmallesttextencoderdecoder@1.0.22)(typescript@5.9.3)(ws@8.18.3)
      '@solana/sysvars': 5.0.0(fastestsmallesttextencoderdecoder@1.0.22)(typescript@5.9.3)

  '@solana-program/token@0.9.0(@solana/kit@5.0.0(fastestsmallesttextencoderdecoder@1.0.22)(typescript@5.9.3)(ws@8.18.3))':
    dependencies:
      '@solana/kit': 5.0.0(fastestsmallesttextencoderdecoder@1.0.22)(typescript@5.9.3)(ws@8.18.3)

  '@solana/accounts@5.0.0(fastestsmallesttextencoderdecoder@1.0.22)(typescript@5.9.3)':
    dependencies:
      '@solana/addresses': 5.0.0(fastestsmallesttextencoderdecoder@1.0.22)(typescript@5.9.3)
      '@solana/codecs-core': 5.0.0(typescript@5.9.3)
      '@solana/codecs-strings': 5.0.0(fastestsmallesttextencoderdecoder@1.0.22)(typescript@5.9.3)
      '@solana/errors': 5.0.0(typescript@5.9.3)
      '@solana/rpc-spec': 5.0.0(typescript@5.9.3)
      '@solana/rpc-types': 5.0.0(fastestsmallesttextencoderdecoder@1.0.22)(typescript@5.9.3)
      typescript: 5.9.3
    transitivePeerDependencies:
      - fastestsmallesttextencoderdecoder

  '@solana/addresses@5.0.0(fastestsmallesttextencoderdecoder@1.0.22)(typescript@5.9.3)':
    dependencies:
      '@solana/assertions': 5.0.0(typescript@5.9.3)
      '@solana/codecs-core': 5.0.0(typescript@5.9.3)
      '@solana/codecs-strings': 5.0.0(fastestsmallesttextencoderdecoder@1.0.22)(typescript@5.9.3)
      '@solana/errors': 5.0.0(typescript@5.9.3)
      '@solana/nominal-types': 5.0.0(typescript@5.9.3)
      typescript: 5.9.3
    transitivePeerDependencies:
      - fastestsmallesttextencoderdecoder

  '@solana/assertions@5.0.0(typescript@5.9.3)':
    dependencies:
      '@solana/errors': 5.0.0(typescript@5.9.3)
      typescript: 5.9.3

  '@solana/codecs-core@5.0.0(typescript@5.9.3)':
    dependencies:
      '@solana/errors': 5.0.0(typescript@5.9.3)
      typescript: 5.9.3

  '@solana/codecs-data-structures@5.0.0(typescript@5.9.3)':
    dependencies:
      '@solana/codecs-core': 5.0.0(typescript@5.9.3)
      '@solana/codecs-numbers': 5.0.0(typescript@5.9.3)
      '@solana/errors': 5.0.0(typescript@5.9.3)
      typescript: 5.9.3

  '@solana/codecs-numbers@5.0.0(typescript@5.9.3)':
    dependencies:
      '@solana/codecs-core': 5.0.0(typescript@5.9.3)
      '@solana/errors': 5.0.0(typescript@5.9.3)
      typescript: 5.9.3

  '@solana/codecs-strings@5.0.0(fastestsmallesttextencoderdecoder@1.0.22)(typescript@5.9.3)':
    dependencies:
      '@solana/codecs-core': 5.0.0(typescript@5.9.3)
      '@solana/codecs-numbers': 5.0.0(typescript@5.9.3)
      '@solana/errors': 5.0.0(typescript@5.9.3)
      fastestsmallesttextencoderdecoder: 1.0.22
      typescript: 5.9.3

  '@solana/codecs@5.0.0(fastestsmallesttextencoderdecoder@1.0.22)(typescript@5.9.3)':
    dependencies:
      '@solana/codecs-core': 5.0.0(typescript@5.9.3)
      '@solana/codecs-data-structures': 5.0.0(typescript@5.9.3)
      '@solana/codecs-numbers': 5.0.0(typescript@5.9.3)
      '@solana/codecs-strings': 5.0.0(fastestsmallesttextencoderdecoder@1.0.22)(typescript@5.9.3)
      '@solana/options': 5.0.0(fastestsmallesttextencoderdecoder@1.0.22)(typescript@5.9.3)
      typescript: 5.9.3
    transitivePeerDependencies:
      - fastestsmallesttextencoderdecoder

  '@solana/errors@5.0.0(typescript@5.9.3)':
    dependencies:
      chalk: 5.6.2
      commander: 14.0.1
      typescript: 5.9.3

  '@solana/fast-stable-stringify@5.0.0(typescript@5.9.3)':
    dependencies:
      typescript: 5.9.3

  '@solana/functional@5.0.0(typescript@5.9.3)':
    dependencies:
      typescript: 5.9.3

  '@solana/instruction-plans@5.0.0(fastestsmallesttextencoderdecoder@1.0.22)(typescript@5.9.3)':
    dependencies:
      '@solana/errors': 5.0.0(typescript@5.9.3)
      '@solana/instructions': 5.0.0(typescript@5.9.3)
      '@solana/promises': 5.0.0(typescript@5.9.3)
      '@solana/transaction-messages': 5.0.0(fastestsmallesttextencoderdecoder@1.0.22)(typescript@5.9.3)
      '@solana/transactions': 5.0.0(fastestsmallesttextencoderdecoder@1.0.22)(typescript@5.9.3)
      typescript: 5.9.3
    transitivePeerDependencies:
      - fastestsmallesttextencoderdecoder

  '@solana/instructions@5.0.0(typescript@5.9.3)':
    dependencies:
      '@solana/codecs-core': 5.0.0(typescript@5.9.3)
      '@solana/errors': 5.0.0(typescript@5.9.3)
      typescript: 5.9.3

  '@solana/keys@5.0.0(fastestsmallesttextencoderdecoder@1.0.22)(typescript@5.9.3)':
    dependencies:
      '@solana/assertions': 5.0.0(typescript@5.9.3)
      '@solana/codecs-core': 5.0.0(typescript@5.9.3)
      '@solana/codecs-strings': 5.0.0(fastestsmallesttextencoderdecoder@1.0.22)(typescript@5.9.3)
      '@solana/errors': 5.0.0(typescript@5.9.3)
      '@solana/nominal-types': 5.0.0(typescript@5.9.3)
      typescript: 5.9.3
    transitivePeerDependencies:
      - fastestsmallesttextencoderdecoder

  '@solana/kit@5.0.0(fastestsmallesttextencoderdecoder@1.0.22)(typescript@5.9.3)(ws@8.18.3)':
    dependencies:
      '@solana/accounts': 5.0.0(fastestsmallesttextencoderdecoder@1.0.22)(typescript@5.9.3)
      '@solana/addresses': 5.0.0(fastestsmallesttextencoderdecoder@1.0.22)(typescript@5.9.3)
      '@solana/codecs': 5.0.0(fastestsmallesttextencoderdecoder@1.0.22)(typescript@5.9.3)
      '@solana/errors': 5.0.0(typescript@5.9.3)
      '@solana/functional': 5.0.0(typescript@5.9.3)
      '@solana/instruction-plans': 5.0.0(fastestsmallesttextencoderdecoder@1.0.22)(typescript@5.9.3)
      '@solana/instructions': 5.0.0(typescript@5.9.3)
      '@solana/keys': 5.0.0(fastestsmallesttextencoderdecoder@1.0.22)(typescript@5.9.3)
      '@solana/programs': 5.0.0(fastestsmallesttextencoderdecoder@1.0.22)(typescript@5.9.3)
      '@solana/rpc': 5.0.0(fastestsmallesttextencoderdecoder@1.0.22)(typescript@5.9.3)
      '@solana/rpc-parsed-types': 5.0.0(typescript@5.9.3)
      '@solana/rpc-spec-types': 5.0.0(typescript@5.9.3)
      '@solana/rpc-subscriptions': 5.0.0(fastestsmallesttextencoderdecoder@1.0.22)(typescript@5.9.3)(ws@8.18.3)
      '@solana/rpc-types': 5.0.0(fastestsmallesttextencoderdecoder@1.0.22)(typescript@5.9.3)
      '@solana/signers': 5.0.0(fastestsmallesttextencoderdecoder@1.0.22)(typescript@5.9.3)
      '@solana/sysvars': 5.0.0(fastestsmallesttextencoderdecoder@1.0.22)(typescript@5.9.3)
      '@solana/transaction-confirmation': 5.0.0(fastestsmallesttextencoderdecoder@1.0.22)(typescript@5.9.3)(ws@8.18.3)
      '@solana/transaction-messages': 5.0.0(fastestsmallesttextencoderdecoder@1.0.22)(typescript@5.9.3)
      '@solana/transactions': 5.0.0(fastestsmallesttextencoderdecoder@1.0.22)(typescript@5.9.3)
      typescript: 5.9.3
    transitivePeerDependencies:
      - fastestsmallesttextencoderdecoder
      - ws

  '@solana/nominal-types@5.0.0(typescript@5.9.3)':
    dependencies:
      typescript: 5.9.3

  '@solana/options@5.0.0(fastestsmallesttextencoderdecoder@1.0.22)(typescript@5.9.3)':
    dependencies:
      '@solana/codecs-core': 5.0.0(typescript@5.9.3)
      '@solana/codecs-data-structures': 5.0.0(typescript@5.9.3)
      '@solana/codecs-numbers': 5.0.0(typescript@5.9.3)
      '@solana/codecs-strings': 5.0.0(fastestsmallesttextencoderdecoder@1.0.22)(typescript@5.9.3)
      '@solana/errors': 5.0.0(typescript@5.9.3)
      typescript: 5.9.3
    transitivePeerDependencies:
      - fastestsmallesttextencoderdecoder

  '@solana/programs@5.0.0(fastestsmallesttextencoderdecoder@1.0.22)(typescript@5.9.3)':
    dependencies:
      '@solana/addresses': 5.0.0(fastestsmallesttextencoderdecoder@1.0.22)(typescript@5.9.3)
      '@solana/errors': 5.0.0(typescript@5.9.3)
      typescript: 5.9.3
    transitivePeerDependencies:
      - fastestsmallesttextencoderdecoder

  '@solana/promises@5.0.0(typescript@5.9.3)':
    dependencies:
      typescript: 5.9.3

  '@solana/rpc-api@5.0.0(fastestsmallesttextencoderdecoder@1.0.22)(typescript@5.9.3)':
    dependencies:
      '@solana/addresses': 5.0.0(fastestsmallesttextencoderdecoder@1.0.22)(typescript@5.9.3)
      '@solana/codecs-core': 5.0.0(typescript@5.9.3)
      '@solana/codecs-strings': 5.0.0(fastestsmallesttextencoderdecoder@1.0.22)(typescript@5.9.3)
      '@solana/errors': 5.0.0(typescript@5.9.3)
      '@solana/keys': 5.0.0(fastestsmallesttextencoderdecoder@1.0.22)(typescript@5.9.3)
      '@solana/rpc-parsed-types': 5.0.0(typescript@5.9.3)
      '@solana/rpc-spec': 5.0.0(typescript@5.9.3)
      '@solana/rpc-transformers': 5.0.0(fastestsmallesttextencoderdecoder@1.0.22)(typescript@5.9.3)
      '@solana/rpc-types': 5.0.0(fastestsmallesttextencoderdecoder@1.0.22)(typescript@5.9.3)
      '@solana/transaction-messages': 5.0.0(fastestsmallesttextencoderdecoder@1.0.22)(typescript@5.9.3)
      '@solana/transactions': 5.0.0(fastestsmallesttextencoderdecoder@1.0.22)(typescript@5.9.3)
      typescript: 5.9.3
    transitivePeerDependencies:
      - fastestsmallesttextencoderdecoder

  '@solana/rpc-parsed-types@5.0.0(typescript@5.9.3)':
    dependencies:
      typescript: 5.9.3

  '@solana/rpc-spec-types@5.0.0(typescript@5.9.3)':
    dependencies:
      typescript: 5.9.3

  '@solana/rpc-spec@5.0.0(typescript@5.9.3)':
    dependencies:
      '@solana/errors': 5.0.0(typescript@5.9.3)
      '@solana/rpc-spec-types': 5.0.0(typescript@5.9.3)
      typescript: 5.9.3

  '@solana/rpc-subscriptions-api@5.0.0(fastestsmallesttextencoderdecoder@1.0.22)(typescript@5.9.3)':
    dependencies:
      '@solana/addresses': 5.0.0(fastestsmallesttextencoderdecoder@1.0.22)(typescript@5.9.3)
      '@solana/keys': 5.0.0(fastestsmallesttextencoderdecoder@1.0.22)(typescript@5.9.3)
      '@solana/rpc-subscriptions-spec': 5.0.0(typescript@5.9.3)
      '@solana/rpc-transformers': 5.0.0(fastestsmallesttextencoderdecoder@1.0.22)(typescript@5.9.3)
      '@solana/rpc-types': 5.0.0(fastestsmallesttextencoderdecoder@1.0.22)(typescript@5.9.3)
      '@solana/transaction-messages': 5.0.0(fastestsmallesttextencoderdecoder@1.0.22)(typescript@5.9.3)
      '@solana/transactions': 5.0.0(fastestsmallesttextencoderdecoder@1.0.22)(typescript@5.9.3)
      typescript: 5.9.3
    transitivePeerDependencies:
      - fastestsmallesttextencoderdecoder

  '@solana/rpc-subscriptions-channel-websocket@5.0.0(typescript@5.9.3)(ws@8.18.3)':
    dependencies:
      '@solana/errors': 5.0.0(typescript@5.9.3)
      '@solana/functional': 5.0.0(typescript@5.9.3)
      '@solana/rpc-subscriptions-spec': 5.0.0(typescript@5.9.3)
      '@solana/subscribable': 5.0.0(typescript@5.9.3)
      typescript: 5.9.3
      ws: 8.18.3

  '@solana/rpc-subscriptions-spec@5.0.0(typescript@5.9.3)':
    dependencies:
      '@solana/errors': 5.0.0(typescript@5.9.3)
      '@solana/promises': 5.0.0(typescript@5.9.3)
      '@solana/rpc-spec-types': 5.0.0(typescript@5.9.3)
      '@solana/subscribable': 5.0.0(typescript@5.9.3)
      typescript: 5.9.3

  '@solana/rpc-subscriptions@5.0.0(fastestsmallesttextencoderdecoder@1.0.22)(typescript@5.9.3)(ws@8.18.3)':
    dependencies:
      '@solana/errors': 5.0.0(typescript@5.9.3)
      '@solana/fast-stable-stringify': 5.0.0(typescript@5.9.3)
      '@solana/functional': 5.0.0(typescript@5.9.3)
      '@solana/promises': 5.0.0(typescript@5.9.3)
      '@solana/rpc-spec-types': 5.0.0(typescript@5.9.3)
      '@solana/rpc-subscriptions-api': 5.0.0(fastestsmallesttextencoderdecoder@1.0.22)(typescript@5.9.3)
      '@solana/rpc-subscriptions-channel-websocket': 5.0.0(typescript@5.9.3)(ws@8.18.3)
      '@solana/rpc-subscriptions-spec': 5.0.0(typescript@5.9.3)
      '@solana/rpc-transformers': 5.0.0(fastestsmallesttextencoderdecoder@1.0.22)(typescript@5.9.3)
      '@solana/rpc-types': 5.0.0(fastestsmallesttextencoderdecoder@1.0.22)(typescript@5.9.3)
      '@solana/subscribable': 5.0.0(typescript@5.9.3)
      typescript: 5.9.3
    transitivePeerDependencies:
      - fastestsmallesttextencoderdecoder
      - ws

  '@solana/rpc-transformers@5.0.0(fastestsmallesttextencoderdecoder@1.0.22)(typescript@5.9.3)':
    dependencies:
      '@solana/errors': 5.0.0(typescript@5.9.3)
      '@solana/functional': 5.0.0(typescript@5.9.3)
      '@solana/nominal-types': 5.0.0(typescript@5.9.3)
      '@solana/rpc-spec-types': 5.0.0(typescript@5.9.3)
      '@solana/rpc-types': 5.0.0(fastestsmallesttextencoderdecoder@1.0.22)(typescript@5.9.3)
      typescript: 5.9.3
    transitivePeerDependencies:
      - fastestsmallesttextencoderdecoder

  '@solana/rpc-transport-http@5.0.0(typescript@5.9.3)':
    dependencies:
      '@solana/errors': 5.0.0(typescript@5.9.3)
      '@solana/rpc-spec': 5.0.0(typescript@5.9.3)
      '@solana/rpc-spec-types': 5.0.0(typescript@5.9.3)
      typescript: 5.9.3
      undici-types: 7.16.0

  '@solana/rpc-types@5.0.0(fastestsmallesttextencoderdecoder@1.0.22)(typescript@5.9.3)':
    dependencies:
      '@solana/addresses': 5.0.0(fastestsmallesttextencoderdecoder@1.0.22)(typescript@5.9.3)
      '@solana/codecs-core': 5.0.0(typescript@5.9.3)
      '@solana/codecs-numbers': 5.0.0(typescript@5.9.3)
      '@solana/codecs-strings': 5.0.0(fastestsmallesttextencoderdecoder@1.0.22)(typescript@5.9.3)
      '@solana/errors': 5.0.0(typescript@5.9.3)
      '@solana/nominal-types': 5.0.0(typescript@5.9.3)
      typescript: 5.9.3
    transitivePeerDependencies:
      - fastestsmallesttextencoderdecoder

  '@solana/rpc@5.0.0(fastestsmallesttextencoderdecoder@1.0.22)(typescript@5.9.3)':
    dependencies:
      '@solana/errors': 5.0.0(typescript@5.9.3)
      '@solana/fast-stable-stringify': 5.0.0(typescript@5.9.3)
      '@solana/functional': 5.0.0(typescript@5.9.3)
      '@solana/rpc-api': 5.0.0(fastestsmallesttextencoderdecoder@1.0.22)(typescript@5.9.3)
      '@solana/rpc-spec': 5.0.0(typescript@5.9.3)
      '@solana/rpc-spec-types': 5.0.0(typescript@5.9.3)
      '@solana/rpc-transformers': 5.0.0(fastestsmallesttextencoderdecoder@1.0.22)(typescript@5.9.3)
      '@solana/rpc-transport-http': 5.0.0(typescript@5.9.3)
      '@solana/rpc-types': 5.0.0(fastestsmallesttextencoderdecoder@1.0.22)(typescript@5.9.3)
      typescript: 5.9.3
    transitivePeerDependencies:
      - fastestsmallesttextencoderdecoder

  '@solana/signers@5.0.0(fastestsmallesttextencoderdecoder@1.0.22)(typescript@5.9.3)':
    dependencies:
      '@solana/addresses': 5.0.0(fastestsmallesttextencoderdecoder@1.0.22)(typescript@5.9.3)
      '@solana/codecs-core': 5.0.0(typescript@5.9.3)
      '@solana/errors': 5.0.0(typescript@5.9.3)
      '@solana/instructions': 5.0.0(typescript@5.9.3)
      '@solana/keys': 5.0.0(fastestsmallesttextencoderdecoder@1.0.22)(typescript@5.9.3)
      '@solana/nominal-types': 5.0.0(typescript@5.9.3)
      '@solana/transaction-messages': 5.0.0(fastestsmallesttextencoderdecoder@1.0.22)(typescript@5.9.3)
      '@solana/transactions': 5.0.0(fastestsmallesttextencoderdecoder@1.0.22)(typescript@5.9.3)
      typescript: 5.9.3
    transitivePeerDependencies:
      - fastestsmallesttextencoderdecoder

  '@solana/subscribable@5.0.0(typescript@5.9.3)':
    dependencies:
      '@solana/errors': 5.0.0(typescript@5.9.3)
      typescript: 5.9.3

  '@solana/sysvars@5.0.0(fastestsmallesttextencoderdecoder@1.0.22)(typescript@5.9.3)':
    dependencies:
      '@solana/accounts': 5.0.0(fastestsmallesttextencoderdecoder@1.0.22)(typescript@5.9.3)
      '@solana/codecs': 5.0.0(fastestsmallesttextencoderdecoder@1.0.22)(typescript@5.9.3)
      '@solana/errors': 5.0.0(typescript@5.9.3)
      '@solana/rpc-types': 5.0.0(fastestsmallesttextencoderdecoder@1.0.22)(typescript@5.9.3)
      typescript: 5.9.3
    transitivePeerDependencies:
      - fastestsmallesttextencoderdecoder

  '@solana/transaction-confirmation@5.0.0(fastestsmallesttextencoderdecoder@1.0.22)(typescript@5.9.3)(ws@8.18.3)':
    dependencies:
      '@solana/addresses': 5.0.0(fastestsmallesttextencoderdecoder@1.0.22)(typescript@5.9.3)
      '@solana/codecs-strings': 5.0.0(fastestsmallesttextencoderdecoder@1.0.22)(typescript@5.9.3)
      '@solana/errors': 5.0.0(typescript@5.9.3)
      '@solana/keys': 5.0.0(fastestsmallesttextencoderdecoder@1.0.22)(typescript@5.9.3)
      '@solana/promises': 5.0.0(typescript@5.9.3)
      '@solana/rpc': 5.0.0(fastestsmallesttextencoderdecoder@1.0.22)(typescript@5.9.3)
      '@solana/rpc-subscriptions': 5.0.0(fastestsmallesttextencoderdecoder@1.0.22)(typescript@5.9.3)(ws@8.18.3)
      '@solana/rpc-types': 5.0.0(fastestsmallesttextencoderdecoder@1.0.22)(typescript@5.9.3)
      '@solana/transaction-messages': 5.0.0(fastestsmallesttextencoderdecoder@1.0.22)(typescript@5.9.3)
      '@solana/transactions': 5.0.0(fastestsmallesttextencoderdecoder@1.0.22)(typescript@5.9.3)
      typescript: 5.9.3
    transitivePeerDependencies:
      - fastestsmallesttextencoderdecoder
      - ws

  '@solana/transaction-messages@5.0.0(fastestsmallesttextencoderdecoder@1.0.22)(typescript@5.9.3)':
    dependencies:
      '@solana/addresses': 5.0.0(fastestsmallesttextencoderdecoder@1.0.22)(typescript@5.9.3)
      '@solana/codecs-core': 5.0.0(typescript@5.9.3)
      '@solana/codecs-data-structures': 5.0.0(typescript@5.9.3)
      '@solana/codecs-numbers': 5.0.0(typescript@5.9.3)
      '@solana/errors': 5.0.0(typescript@5.9.3)
      '@solana/functional': 5.0.0(typescript@5.9.3)
      '@solana/instructions': 5.0.0(typescript@5.9.3)
      '@solana/nominal-types': 5.0.0(typescript@5.9.3)
      '@solana/rpc-types': 5.0.0(fastestsmallesttextencoderdecoder@1.0.22)(typescript@5.9.3)
      typescript: 5.9.3
    transitivePeerDependencies:
      - fastestsmallesttextencoderdecoder

  '@solana/transactions@5.0.0(fastestsmallesttextencoderdecoder@1.0.22)(typescript@5.9.3)':
    dependencies:
      '@solana/addresses': 5.0.0(fastestsmallesttextencoderdecoder@1.0.22)(typescript@5.9.3)
      '@solana/codecs-core': 5.0.0(typescript@5.9.3)
      '@solana/codecs-data-structures': 5.0.0(typescript@5.9.3)
      '@solana/codecs-numbers': 5.0.0(typescript@5.9.3)
      '@solana/codecs-strings': 5.0.0(fastestsmallesttextencoderdecoder@1.0.22)(typescript@5.9.3)
      '@solana/errors': 5.0.0(typescript@5.9.3)
      '@solana/functional': 5.0.0(typescript@5.9.3)
      '@solana/instructions': 5.0.0(typescript@5.9.3)
      '@solana/keys': 5.0.0(fastestsmallesttextencoderdecoder@1.0.22)(typescript@5.9.3)
      '@solana/nominal-types': 5.0.0(typescript@5.9.3)
      '@solana/rpc-types': 5.0.0(fastestsmallesttextencoderdecoder@1.0.22)(typescript@5.9.3)
      '@solana/transaction-messages': 5.0.0(fastestsmallesttextencoderdecoder@1.0.22)(typescript@5.9.3)
      typescript: 5.9.3
    transitivePeerDependencies:
      - fastestsmallesttextencoderdecoder

  '@types/node@24.10.1':
    dependencies:
      undici-types: 7.16.0

  chalk@5.6.2: {}

  commander@14.0.1: {}

  esbuild@0.27.0:
    optionalDependencies:
      '@esbuild/aix-ppc64': 0.27.0
      '@esbuild/android-arm': 0.27.0
      '@esbuild/android-arm64': 0.27.0
      '@esbuild/android-x64': 0.27.0
      '@esbuild/darwin-arm64': 0.27.0
      '@esbuild/darwin-x64': 0.27.0
      '@esbuild/freebsd-arm64': 0.27.0
      '@esbuild/freebsd-x64': 0.27.0
      '@esbuild/linux-arm': 0.27.0
      '@esbuild/linux-arm64': 0.27.0
      '@esbuild/linux-ia32': 0.27.0
      '@esbuild/linux-loong64': 0.27.0
      '@esbuild/linux-mips64el': 0.27.0
      '@esbuild/linux-ppc64': 0.27.0
      '@esbuild/linux-riscv64': 0.27.0
      '@esbuild/linux-s390x': 0.27.0
      '@esbuild/linux-x64': 0.27.0
      '@esbuild/netbsd-arm64': 0.27.0
      '@esbuild/netbsd-x64': 0.27.0
      '@esbuild/openbsd-arm64': 0.27.0
      '@esbuild/openbsd-x64': 0.27.0
      '@esbuild/openharmony-arm64': 0.27.0
      '@esbuild/sunos-x64': 0.27.0
      '@esbuild/win32-arm64': 0.27.0
      '@esbuild/win32-ia32': 0.27.0
      '@esbuild/win32-x64': 0.27.0

  fastestsmallesttextencoderdecoder@1.0.22: {}

  fsevents@2.3.3:
    optional: true

  get-tsconfig@4.13.0:
    dependencies:
      resolve-pkg-maps: 1.0.0

  resolve-pkg-maps@1.0.0: {}

  tsx@4.21.0:
    dependencies:
      esbuild: 0.27.0
      get-tsconfig: 4.13.0
    optionalDependencies:
      fsevents: 2.3.3

  typescript@5.9.3: {}

  undici-types@7.16.0: {}

  ws@8.18.3: {}
